
Microsoft Visual Studio Solution File, Format Version 12.00
# Visual Studio Version 17
VisualStudioVersion = 17.5.33502.453
MinimumVisualStudioVersion = 10.0.40219.1
Project("{FAE04EC0-301F-11D3-BF4B-00C04F79EFBC}") = "MusicUniverseAPI", "MusicUniverseAPI\MusicUniverseAPI.csproj", "{B42FD738-ECB1-43D8-B921-74E9920B9A73}"
EndProject
Global
	GlobalSection(SolutionConfigurationPlatforms) = preSolution
		Debug|Any CPU = Debug|Any CPU
		Release|Any CPU = Release|Any CPU
	EndGlobalSection
	GlobalSection(ProjectConfigurationPlatforms) = postSolution
		{B42FD738-ECB1-43D8-B921-74E9920B9A73}.Debug|Any CPU.ActiveCfg = Debug|Any CPU
		{B42FD738-ECB1-43D8-B921-74E9920B9A73}.Debug|Any CPU.Build.0 = Debug|Any CPU
		{B42FD738-ECB1-43D8-B921-74E9920B9A73}.Release|Any CPU.ActiveCfg = Release|Any CPU
		{B42FD738-ECB1-43D8-B921-74E9920B9A73}.Release|Any CPU.Build.0 = Release|Any CPU
	EndGlobalSection
	GlobalSection(SolutionProperties) = preSolution
		HideSolutionNode = FALSE
	EndGlobalSection
	GlobalSection(ExtensibilityGlobals) = postSolution
		SolutionGuid = {4FA368F5-14D7-4AD8-AC09-4C7332F64CB3}
	EndGlobalSection
EndGlobal
